{
  "name": "@shapeshiftoss/swapper",
  "version": "5.2.3",
  "lockfileVersion": 1,
  "requires": true,
  "dependencies": {
    "@types/wait-promise": {
      "version": "0.4.0",
      "resolved": "https://registry.npmjs.org/@types/wait-promise/-/wait-promise-0.4.0.tgz",
      "integrity": "sha512-CQl7sO9ILb8PgWJnBJhfJqrH89AXb8TnjLXmQa2+ipdXx2dop1U8YOvQxrsExoFB/aLz+cZJg9P/bzPdli08QA==",
      "dev": true
    }
  }
}
